
Microsoft Visual Studio Solution File, Format Version 12.00
# Visual Studio 2013
VisualStudioVersion = 12.0.31101.0
MinimumVisualStudioVersion = 10.0.40219.1
Project("{FAE04EC0-301F-11D3-BF4B-00C04F79EFBC}") = "DemoTSP.WPFClient", "DemoTSP.WPFClient\DemoTSP.WPFClient.csproj", "{FA3FCE67-CFC3-463A-A37B-7ED3314C72B6}"
EndProject
Project("{FAE04EC0-301F-11D3-BF4B-00C04F79EFBC}") = "DemoTSP.Common", "DemoTSP.Common\DemoTSP.Common.csproj", "{3E42D88E-1E86-48C2-9351-913659C0D84E}"
EndProject
Global
	GlobalSection(SolutionConfigurationPlatforms) = preSolution
		Debug|Any CPU = Debug|Any CPU
		Release|Any CPU = Release|Any CPU
	EndGlobalSection
	GlobalSection(ProjectConfigurationPlatforms) = postSolution
		{FA3FCE67-CFC3-463A-A37B-7ED3314C72B6}.Debug|Any CPU.ActiveCfg = Debug|Any CPU
		{FA3FCE67-CFC3-463A-A37B-7ED3314C72B6}.Debug|Any CPU.Build.0 = Debug|Any CPU
		{FA3FCE67-CFC3-463A-A37B-7ED3314C72B6}.Release|Any CPU.ActiveCfg = Release|Any CPU
		{FA3FCE67-CFC3-463A-A37B-7ED3314C72B6}.Release|Any CPU.Build.0 = Release|Any CPU
		{3E42D88E-1E86-48C2-9351-913659C0D84E}.Debug|Any CPU.ActiveCfg = Debug|Any CPU
		{3E42D88E-1E86-48C2-9351-913659C0D84E}.Debug|Any CPU.Build.0 = Debug|Any CPU
		{3E42D88E-1E86-48C2-9351-913659C0D84E}.Release|Any CPU.ActiveCfg = Release|Any CPU
		{3E42D88E-1E86-48C2-9351-913659C0D84E}.Release|Any CPU.Build.0 = Release|Any CPU
	EndGlobalSection
	GlobalSection(SolutionProperties) = preSolution
		HideSolutionNode = FALSE
	EndGlobalSection
EndGlobal
